
Microsoft Visual Studio Solution File, Format Version 12.00
# Visual Studio Version 17
VisualStudioVersion = 17.13.35913.81 d17.13
MinimumVisualStudioVersion = 10.0.40219.1
Project("{FAE04EC0-301F-11D3-BF4B-00C04F79EFBC}") = "BookStore", "BookStore\BookStore.csproj", "{87482CE7-9966-41E1-86ED-00660BD6DEF5}"
EndProject
Global
	GlobalSection(SolutionConfigurationPlatforms) = preSolution
		Debug|Any CPU = Debug|Any CPU
		Release|Any CPU = Release|Any CPU
	EndGlobalSection
	GlobalSection(ProjectConfigurationPlatforms) = postSolution
		{87482CE7-9966-41E1-86ED-00660BD6DEF5}.Debug|Any CPU.ActiveCfg = Debug|Any CPU
		{87482CE7-9966-41E1-86ED-00660BD6DEF5}.Debug|Any CPU.Build.0 = Debug|Any CPU
		{87482CE7-9966-41E1-86ED-00660BD6DEF5}.Release|Any CPU.ActiveCfg = Release|Any CPU
		{87482CE7-9966-41E1-86ED-00660BD6DEF5}.Release|Any CPU.Build.0 = Release|Any CPU
	EndGlobalSection
	GlobalSection(SolutionProperties) = preSolution
		HideSolutionNode = FALSE
	EndGlobalSection
	GlobalSection(ExtensibilityGlobals) = postSolution
		SolutionGuid = {83E2E1F1-DC3D-4BB9-A87F-4BE920304D9C}
	EndGlobalSection
EndGlobal
